
Microsoft Visual Studio Solution File, Format Version 12.00
# Visual Studio 14
VisualStudioVersion = 14.0.25123.0
MinimumVisualStudioVersion = 10.0.40219.1
Project("{8BC9CEB8-8B4A-11D0-8D11-00A0C91BC942}") = "01顺序表", "01顺序表\01顺序表.vcxproj", "{E3C63547-88EF-4F30-B5D9-0B72BEBB8856}"
EndProject
Project("{8BC9CEB8-8B4A-11D0-8D11-00A0C91BC942}") = "03双向链表", "03双向链表\03双向链表.vcxproj", "{5899913F-9018-4044-9E48-7F34FCA42234}"
EndProject
Project("{8BC9CEB8-8B4A-11D0-8D11-00A0C91BC942}") = "04链表合并", "04链表合并\04链表合并.vcxproj", "{CF5C224C-705F-4098-B588-B32CC3DF2EAA}"
EndProject
Project("{8BC9CEB8-8B4A-11D0-8D11-00A0C91BC942}") = "05栈和队列", "05栈和队列\05栈和队列.vcxproj", "{E3237A6F-99F7-4D0C-8D9A-59B382EECA72}"
EndProject
Project("{8BC9CEB8-8B4A-11D0-8D11-00A0C91BC942}") = "02链表", "02链表\02链表.vcxproj", "{66B162A7-371D-426C-961D-C2856BEF2121}"
EndProject
Project("{8BC9CEB8-8B4A-11D0-8D11-00A0C91BC942}") = "06串", "06串\06串.vcxproj", "{6137CAA2-9E82-4B3F-897D-46918D9AF230}"
EndProject
Project("{8BC9CEB8-8B4A-11D0-8D11-00A0C91BC942}") = "07树", "07树\07树.vcxproj", "{DEE82611-4873-4EC8-B2D3-646BF837D50C}"
EndProject
Project("{8BC9CEB8-8B4A-11D0-8D11-00A0C91BC942}") = "08图", "08图\08图.vcxproj", "{86B1426E-A535-46E5-9F07-E72661F2B7C0}"
EndProject
Project("{8BC9CEB8-8B4A-11D0-8D11-00A0C91BC942}") = "09查询", "09查询\09查询.vcxproj", "{0D296BDD-21A3-428A-BF08-2464DE9271DD}"
EndProject
Global
	GlobalSection(SolutionConfigurationPlatforms) = preSolution
		Debug|x64 = Debug|x64
		Debug|x86 = Debug|x86
		Release|x64 = Release|x64
		Release|x86 = Release|x86
	EndGlobalSection
	GlobalSection(ProjectConfigurationPlatforms) = postSolution
		{E3C63547-88EF-4F30-B5D9-0B72BEBB8856}.Debug|x64.ActiveCfg = Debug|x64
		{E3C63547-88EF-4F30-B5D9-0B72BEBB8856}.Debug|x64.Build.0 = Debug|x64
		{E3C63547-88EF-4F30-B5D9-0B72BEBB8856}.Debug|x86.ActiveCfg = Debug|Win32
		{E3C63547-88EF-4F30-B5D9-0B72BEBB8856}.Debug|x86.Build.0 = Debug|Win32
		{E3C63547-88EF-4F30-B5D9-0B72BEBB8856}.Release|x64.ActiveCfg = Release|x64
		{E3C63547-88EF-4F30-B5D9-0B72BEBB8856}.Release|x64.Build.0 = Release|x64
		{E3C63547-88EF-4F30-B5D9-0B72BEBB8856}.Release|x86.ActiveCfg = Release|Win32
		{E3C63547-88EF-4F30-B5D9-0B72BEBB8856}.Release|x86.Build.0 = Release|Win32
		{5899913F-9018-4044-9E48-7F34FCA42234}.Debug|x64.ActiveCfg = Debug|x64
		{5899913F-9018-4044-9E48-7F34FCA42234}.Debug|x64.Build.0 = Debug|x64
		{5899913F-9018-4044-9E48-7F34FCA42234}.Debug|x86.ActiveCfg = Debug|Win32
		{5899913F-9018-4044-9E48-7F34FCA42234}.Debug|x86.Build.0 = Debug|Win32
		{5899913F-9018-4044-9E48-7F34FCA42234}.Release|x64.ActiveCfg = Release|x64
		{5899913F-9018-4044-9E48-7F34FCA42234}.Release|x64.Build.0 = Release|x64
		{5899913F-9018-4044-9E48-7F34FCA42234}.Release|x86.ActiveCfg = Release|Win32
		{5899913F-9018-4044-9E48-7F34FCA42234}.Release|x86.Build.0 = Release|Win32
		{CF5C224C-705F-4098-B588-B32CC3DF2EAA}.Debug|x64.ActiveCfg = Debug|x64
		{CF5C224C-705F-4098-B588-B32CC3DF2EAA}.Debug|x64.Build.0 = Debug|x64
		{CF5C224C-705F-4098-B588-B32CC3DF2EAA}.Debug|x86.ActiveCfg = Debug|Win32
		{CF5C224C-705F-4098-B588-B32CC3DF2EAA}.Debug|x86.Build.0 = Debug|Win32
		{CF5C224C-705F-4098-B588-B32CC3DF2EAA}.Release|x64.ActiveCfg = Release|x64
		{CF5C224C-705F-4098-B588-B32CC3DF2EAA}.Release|x64.Build.0 = Release|x64
		{CF5C224C-705F-4098-B588-B32CC3DF2EAA}.Release|x86.ActiveCfg = Release|Win32
		{CF5C224C-705F-4098-B588-B32CC3DF2EAA}.Release|x86.Build.0 = Release|Win32
		{E3237A6F-99F7-4D0C-8D9A-59B382EECA72}.Debug|x64.ActiveCfg = Debug|x64
		{E3237A6F-99F7-4D0C-8D9A-59B382EECA72}.Debug|x64.Build.0 = Debug|x64
		{E3237A6F-99F7-4D0C-8D9A-59B382EECA72}.Debug|x86.ActiveCfg = Debug|Win32
		{E3237A6F-99F7-4D0C-8D9A-59B382EECA72}.Debug|x86.Build.0 = Debug|Win32
		{E3237A6F-99F7-4D0C-8D9A-59B382EECA72}.Release|x64.ActiveCfg = Release|x64
		{E3237A6F-99F7-4D0C-8D9A-59B382EECA72}.Release|x64.Build.0 = Release|x64
		{E3237A6F-99F7-4D0C-8D9A-59B382EECA72}.Release|x86.ActiveCfg = Release|Win32
		{E3237A6F-99F7-4D0C-8D9A-59B382EECA72}.Release|x86.Build.0 = Release|Win32
		{66B162A7-371D-426C-961D-C2856BEF2121}.Debug|x64.ActiveCfg = Debug|x64
		{66B162A7-371D-426C-961D-C2856BEF2121}.Debug|x64.Build.0 = Debug|x64
		{66B162A7-371D-426C-961D-C2856BEF2121}.Debug|x86.ActiveCfg = Debug|Win32
		{66B162A7-371D-426C-961D-C2856BEF2121}.Debug|x86.Build.0 = Debug|Win32
		{66B162A7-371D-426C-961D-C2856BEF2121}.Release|x64.ActiveCfg = Release|x64
		{66B162A7-371D-426C-961D-C2856BEF2121}.Release|x64.Build.0 = Release|x64
		{66B162A7-371D-426C-961D-C2856BEF2121}.Release|x86.ActiveCfg = Release|Win32
		{66B162A7-371D-426C-961D-C2856BEF2121}.Release|x86.Build.0 = Release|Win32
		{6137CAA2-9E82-4B3F-897D-46918D9AF230}.Debug|x64.ActiveCfg = Debug|x64
		{6137CAA2-9E82-4B3F-897D-46918D9AF230}.Debug|x64.Build.0 = Debug|x64
		{6137CAA2-9E82-4B3F-897D-46918D9AF230}.Debug|x86.ActiveCfg = Debug|Win32
		{6137CAA2-9E82-4B3F-897D-46918D9AF230}.Debug|x86.Build.0 = Debug|Win32
		{6137CAA2-9E82-4B3F-897D-46918D9AF230}.Release|x64.ActiveCfg = Release|x64
		{6137CAA2-9E82-4B3F-897D-46918D9AF230}.Release|x64.Build.0 = Release|x64
		{6137CAA2-9E82-4B3F-897D-46918D9AF230}.Release|x86.ActiveCfg = Release|Win32
		{6137CAA2-9E82-4B3F-897D-46918D9AF230}.Release|x86.Build.0 = Release|Win32
		{DEE82611-4873-4EC8-B2D3-646BF837D50C}.Debug|x64.ActiveCfg = Debug|x64
		{DEE82611-4873-4EC8-B2D3-646BF837D50C}.Debug|x64.Build.0 = Debug|x64
		{DEE82611-4873-4EC8-B2D3-646BF837D50C}.Debug|x86.ActiveCfg = Debug|Win32
		{DEE82611-4873-4EC8-B2D3-646BF837D50C}.Debug|x86.Build.0 = Debug|Win32
		{DEE82611-4873-4EC8-B2D3-646BF837D50C}.Release|x64.ActiveCfg = Release|x64
		{DEE82611-4873-4EC8-B2D3-646BF837D50C}.Release|x64.Build.0 = Release|x64
		{DEE82611-4873-4EC8-B2D3-646BF837D50C}.Release|x86.ActiveCfg = Release|Win32
		{DEE82611-4873-4EC8-B2D3-646BF837D50C}.Release|x86.Build.0 = Release|Win32
		{86B1426E-A535-46E5-9F07-E72661F2B7C0}.Debug|x64.ActiveCfg = Debug|x64
		{86B1426E-A535-46E5-9F07-E72661F2B7C0}.Debug|x64.Build.0 = Debug|x64
		{86B1426E-A535-46E5-9F07-E72661F2B7C0}.Debug|x86.ActiveCfg = Debug|Win32
		{86B1426E-A535-46E5-9F07-E72661F2B7C0}.Debug|x86.Build.0 = Debug|Win32
		{86B1426E-A535-46E5-9F07-E72661F2B7C0}.Release|x64.ActiveCfg = Release|x64
		{86B1426E-A535-46E5-9F07-E72661F2B7C0}.Release|x64.Build.0 = Release|x64
		{86B1426E-A535-46E5-9F07-E72661F2B7C0}.Release|x86.ActiveCfg = Release|Win32
		{86B1426E-A535-46E5-9F07-E72661F2B7C0}.Release|x86.Build.0 = Release|Win32
		{0D296BDD-21A3-428A-BF08-2464DE9271DD}.Debug|x64.ActiveCfg = Debug|x64
		{0D296BDD-21A3-428A-BF08-2464DE9271DD}.Debug|x64.Build.0 = Debug|x64
		{0D296BDD-21A3-428A-BF08-2464DE9271DD}.Debug|x86.ActiveCfg = Debug|Win32
		{0D296BDD-21A3-428A-BF08-2464DE9271DD}.Debug|x86.Build.0 = Debug|Win32
		{0D296BDD-21A3-428A-BF08-2464DE9271DD}.Release|x64.ActiveCfg = Release|x64
		{0D296BDD-21A3-428A-BF08-2464DE9271DD}.Release|x64.Build.0 = Release|x64
		{0D296BDD-21A3-428A-BF08-2464DE9271DD}.Release|x86.ActiveCfg = Release|Win32
		{0D296BDD-21A3-428A-BF08-2464DE9271DD}.Release|x86.Build.0 = Release|Win32
	EndGlobalSection
	GlobalSection(SolutionProperties) = preSolution
		HideSolutionNode = FALSE
	EndGlobalSection
EndGlobal
